
Microsoft Visual Studio Solution File, Format Version 12.00
# Visual Studio Version 16
VisualStudioVersion = 25.0.1706.7
MinimumVisualStudioVersion = 10.0.40219.1
Project("{FAE04EC0-301F-11D3-BF4B-00C04F79EFBC}") = "OfisApp", "OfisApp.csproj", "{51E1B2F1-9583-4EDE-AE33-EC481F858E48}"
EndProject
Project("{2150E333-8FDC-42A3-9474-1A3956D46DE8}") = "Solution Items", "Solution Items", "{7393CF4E-6314-4E00-99C2-5CC6064E6C83}"
	ProjectSection(SolutionItems) = preProject
		EmptyTextFile.txt = EmptyTextFile.txt
	EndProjectSection
EndProject
Global
	GlobalSection(SolutionConfigurationPlatforms) = preSolution
		Debug|Any CPU = Debug|Any CPU
		Release|Any CPU = Release|Any CPU
	EndGlobalSection
	GlobalSection(ProjectConfigurationPlatforms) = postSolution
		{51E1B2F1-9583-4EDE-AE33-EC481F858E48}.Debug|Any CPU.ActiveCfg = Debug|Any CPU
		{51E1B2F1-9583-4EDE-AE33-EC481F858E48}.Debug|Any CPU.Build.0 = Debug|Any CPU
		{51E1B2F1-9583-4EDE-AE33-EC481F858E48}.Release|Any CPU.ActiveCfg = Release|Any CPU
		{51E1B2F1-9583-4EDE-AE33-EC481F858E48}.Release|Any CPU.Build.0 = Release|Any CPU
	EndGlobalSection
	GlobalSection(SolutionProperties) = preSolution
		HideSolutionNode = FALSE
	EndGlobalSection
	GlobalSection(ExtensibilityGlobals) = postSolution
		SolutionGuid = {12E4A036-F6BC-46FB-835A-76AB482F1ACE}
	EndGlobalSection
EndGlobal
